
Microsoft Visual Studio Solution File, Format Version 12.00
# Visual Studio Version 17
VisualStudioVersion = 17.8.34309.116
MinimumVisualStudioVersion = 10.0.40219.1
Project("{9A19103F-16F7-4668-BE54-9A1E7A4F7556}") = "EGIDTask.API", "EGIDTask.API\EGIDTask.API.csproj", "{9131B93B-8DCD-46D1-BA5A-7B800FE5ADD3}"
EndProject
Project("{9A19103F-16F7-4668-BE54-9A1E7A4F7556}") = "EGIDTask.Domain", "EGIDTask.Domain\EGIDTask.Domain.csproj", "{C2E59B92-60F1-4A16-AFCF-7270DB687EBF}"
EndProject
Project("{9A19103F-16F7-4668-BE54-9A1E7A4F7556}") = "EGIDTask.Data", "EGIDTask.Data\EGIDTask.Data.csproj", "{2AE09DF0-9D66-4165-A3D0-0C54441D3B1B}"
EndProject
Project("{9A19103F-16F7-4668-BE54-9A1E7A4F7556}") = "EGIDTask.BackgroundJobs", "EGIDTask.BackgroundJobs\EGIDTask.BackgroundJobs.csproj", "{56CA4393-FC17-4F84-A509-2CDA495A3A94}"
EndProject
Project("{9A19103F-16F7-4668-BE54-9A1E7A4F7556}") = "EGIDTask.BusinessLogic", "EGIDTask.BusinessLogic\EGIDTask.BusinessLogic.csproj", "{9C93090D-0865-4197-ABA1-F9B59FBB3651}"
EndProject
Project("{9A19103F-16F7-4668-BE54-9A1E7A4F7556}") = "EGIDTask.Contract", "EGIDTask.Contract\EGIDTask.Contract.csproj", "{D812AA45-461C-4072-9ECB-C320CAD37C42}"
EndProject
Project("{9A19103F-16F7-4668-BE54-9A1E7A4F7556}") = "EGIDTask.Models", "EGIDTask.Models\EGIDTask.Models.csproj", "{5DF251E6-B310-4154-AE16-8B99B9D2364F}"
EndProject
Project("{9A19103F-16F7-4668-BE54-9A1E7A4F7556}") = "EGIDTask.Repository", "EGIDTask.Repository\EGIDTask.Repository.csproj", "{E465DEC8-ECBE-4377-9F9E-B74C82D0BCEA}"
EndProject
Project("{9A19103F-16F7-4668-BE54-9A1E7A4F7556}") = "EGIDTask.Validation", "EGIDTask.Validation\EGIDTask.Validation.csproj", "{B617100C-029D-42F6-948C-27D28221BAF3}"
EndProject
Project("{9A19103F-16F7-4668-BE54-9A1E7A4F7556}") = "EGIDTask.Helpers", "EGID.Helpers\EGIDTask.Helpers.csproj", "{88F47428-AE9C-4751-96D0-D53089C339E5}"
EndProject
Project("{9A19103F-16F7-4668-BE54-9A1E7A4F7556}") = "EGIDTask.Enums", "EGIDTask.Enums\EGIDTask.Enums.csproj", "{3583ADCE-B89B-43D1-B1E6-29FF85CE3E22}"
EndProject
Project("{FAE04EC0-301F-11D3-BF4B-00C04F79EFBC}") = "EGIDTask.RealTime", "EGIDTask.RealTime\EGIDTask.RealTime.csproj", "{717F7476-AD50-4D4D-A983-9619E16D80FB}"
EndProject
Global
	GlobalSection(SolutionConfigurationPlatforms) = preSolution
		Debug|Any CPU = Debug|Any CPU
		Release|Any CPU = Release|Any CPU
	EndGlobalSection
	GlobalSection(ProjectConfigurationPlatforms) = postSolution
		{9131B93B-8DCD-46D1-BA5A-7B800FE5ADD3}.Debug|Any CPU.ActiveCfg = Debug|Any CPU
		{9131B93B-8DCD-46D1-BA5A-7B800FE5ADD3}.Debug|Any CPU.Build.0 = Debug|Any CPU
		{9131B93B-8DCD-46D1-BA5A-7B800FE5ADD3}.Release|Any CPU.ActiveCfg = Release|Any CPU
		{9131B93B-8DCD-46D1-BA5A-7B800FE5ADD3}.Release|Any CPU.Build.0 = Release|Any CPU
		{C2E59B92-60F1-4A16-AFCF-7270DB687EBF}.Debug|Any CPU.ActiveCfg = Debug|Any CPU
		{C2E59B92-60F1-4A16-AFCF-7270DB687EBF}.Debug|Any CPU.Build.0 = Debug|Any CPU
		{C2E59B92-60F1-4A16-AFCF-7270DB687EBF}.Release|Any CPU.ActiveCfg = Release|Any CPU
		{C2E59B92-60F1-4A16-AFCF-7270DB687EBF}.Release|Any CPU.Build.0 = Release|Any CPU
		{2AE09DF0-9D66-4165-A3D0-0C54441D3B1B}.Debug|Any CPU.ActiveCfg = Debug|Any CPU
		{2AE09DF0-9D66-4165-A3D0-0C54441D3B1B}.Debug|Any CPU.Build.0 = Debug|Any CPU
		{2AE09DF0-9D66-4165-A3D0-0C54441D3B1B}.Release|Any CPU.ActiveCfg = Release|Any CPU
		{2AE09DF0-9D66-4165-A3D0-0C54441D3B1B}.Release|Any CPU.Build.0 = Release|Any CPU
		{56CA4393-FC17-4F84-A509-2CDA495A3A94}.Debug|Any CPU.ActiveCfg = Debug|Any CPU
		{56CA4393-FC17-4F84-A509-2CDA495A3A94}.Debug|Any CPU.Build.0 = Debug|Any CPU
		{56CA4393-FC17-4F84-A509-2CDA495A3A94}.Release|Any CPU.ActiveCfg = Release|Any CPU
		{56CA4393-FC17-4F84-A509-2CDA495A3A94}.Release|Any CPU.Build.0 = Release|Any CPU
		{9C93090D-0865-4197-ABA1-F9B59FBB3651}.Debug|Any CPU.ActiveCfg = Debug|Any CPU
		{9C93090D-0865-4197-ABA1-F9B59FBB3651}.Debug|Any CPU.Build.0 = Debug|Any CPU
		{9C93090D-0865-4197-ABA1-F9B59FBB3651}.Release|Any CPU.ActiveCfg = Release|Any CPU
		{9C93090D-0865-4197-ABA1-F9B59FBB3651}.Release|Any CPU.Build.0 = Release|Any CPU
		{D812AA45-461C-4072-9ECB-C320CAD37C42}.Debug|Any CPU.ActiveCfg = Debug|Any CPU
		{D812AA45-461C-4072-9ECB-C320CAD37C42}.Debug|Any CPU.Build.0 = Debug|Any CPU
		{D812AA45-461C-4072-9ECB-C320CAD37C42}.Release|Any CPU.ActiveCfg = Release|Any CPU
		{D812AA45-461C-4072-9ECB-C320CAD37C42}.Release|Any CPU.Build.0 = Release|Any CPU
		{5DF251E6-B310-4154-AE16-8B99B9D2364F}.Debug|Any CPU.ActiveCfg = Debug|Any CPU
		{5DF251E6-B310-4154-AE16-8B99B9D2364F}.Debug|Any CPU.Build.0 = Debug|Any CPU
		{5DF251E6-B310-4154-AE16-8B99B9D2364F}.Release|Any CPU.ActiveCfg = Release|Any CPU
		{5DF251E6-B310-4154-AE16-8B99B9D2364F}.Release|Any CPU.Build.0 = Release|Any CPU
		{E465DEC8-ECBE-4377-9F9E-B74C82D0BCEA}.Debug|Any CPU.ActiveCfg = Debug|Any CPU
		{E465DEC8-ECBE-4377-9F9E-B74C82D0BCEA}.Debug|Any CPU.Build.0 = Debug|Any CPU
		{E465DEC8-ECBE-4377-9F9E-B74C82D0BCEA}.Release|Any CPU.ActiveCfg = Release|Any CPU
		{E465DEC8-ECBE-4377-9F9E-B74C82D0BCEA}.Release|Any CPU.Build.0 = Release|Any CPU
		{B617100C-029D-42F6-948C-27D28221BAF3}.Debug|Any CPU.ActiveCfg = Debug|Any CPU
		{B617100C-029D-42F6-948C-27D28221BAF3}.Debug|Any CPU.Build.0 = Debug|Any CPU
		{B617100C-029D-42F6-948C-27D28221BAF3}.Release|Any CPU.ActiveCfg = Release|Any CPU
		{B617100C-029D-42F6-948C-27D28221BAF3}.Release|Any CPU.Build.0 = Release|Any CPU
		{88F47428-AE9C-4751-96D0-D53089C339E5}.Debug|Any CPU.ActiveCfg = Debug|Any CPU
		{88F47428-AE9C-4751-96D0-D53089C339E5}.Debug|Any CPU.Build.0 = Debug|Any CPU
		{88F47428-AE9C-4751-96D0-D53089C339E5}.Release|Any CPU.ActiveCfg = Release|Any CPU
		{88F47428-AE9C-4751-96D0-D53089C339E5}.Release|Any CPU.Build.0 = Release|Any CPU
		{3583ADCE-B89B-43D1-B1E6-29FF85CE3E22}.Debug|Any CPU.ActiveCfg = Debug|Any CPU
		{3583ADCE-B89B-43D1-B1E6-29FF85CE3E22}.Debug|Any CPU.Build.0 = Debug|Any CPU
		{3583ADCE-B89B-43D1-B1E6-29FF85CE3E22}.Release|Any CPU.ActiveCfg = Release|Any CPU
		{3583ADCE-B89B-43D1-B1E6-29FF85CE3E22}.Release|Any CPU.Build.0 = Release|Any CPU
		{717F7476-AD50-4D4D-A983-9619E16D80FB}.Debug|Any CPU.ActiveCfg = Debug|Any CPU
		{717F7476-AD50-4D4D-A983-9619E16D80FB}.Debug|Any CPU.Build.0 = Debug|Any CPU
		{717F7476-AD50-4D4D-A983-9619E16D80FB}.Release|Any CPU.ActiveCfg = Release|Any CPU
		{717F7476-AD50-4D4D-A983-9619E16D80FB}.Release|Any CPU.Build.0 = Release|Any CPU
	EndGlobalSection
	GlobalSection(SolutionProperties) = preSolution
		HideSolutionNode = FALSE
	EndGlobalSection
	GlobalSection(ExtensibilityGlobals) = postSolution
		SolutionGuid = {64618901-96AC-404D-BD37-C4351AE50B0B}
	EndGlobalSection
EndGlobal
